
Microsoft Visual Studio Solution File, Format Version 12.00
# Visual Studio Version 17
VisualStudioVersion = 17.0.31903.59
MinimumVisualStudioVersion = 10.0.40219.1
Project("{FAE04EC0-301F-11D3-BF4B-00C04F79EFBC}") = "WebBook", "WebBook\WebBook.csproj", "{AF1F73F8-9FEA-4AC4-BC1B-B1151C34EDB7}"
EndProject
Project("{FAE04EC0-301F-11D3-BF4B-00C04F79EFBC}") = "Domin", "Domin\Domin.csproj", "{2BBF7EE8-0EA6-48BF-9B33-E666DEEA3E69}"
EndProject
Project("{FAE04EC0-301F-11D3-BF4B-00C04F79EFBC}") = "Infarstuructre", "Infarstuructre\Infarstuructre.csproj", "{955C5FE9-4B3F-4004-9ED2-27A1A04662B5}"
EndProject
Global
	GlobalSection(SolutionConfigurationPlatforms) = preSolution
		Debug|Any CPU = Debug|Any CPU
		Release|Any CPU = Release|Any CPU
	EndGlobalSection
	GlobalSection(ProjectConfigurationPlatforms) = postSolution
		{AF1F73F8-9FEA-4AC4-BC1B-B1151C34EDB7}.Debug|Any CPU.ActiveCfg = Debug|Any CPU
		{AF1F73F8-9FEA-4AC4-BC1B-B1151C34EDB7}.Debug|Any CPU.Build.0 = Debug|Any CPU
		{AF1F73F8-9FEA-4AC4-BC1B-B1151C34EDB7}.Release|Any CPU.ActiveCfg = Release|Any CPU
		{AF1F73F8-9FEA-4AC4-BC1B-B1151C34EDB7}.Release|Any CPU.Build.0 = Release|Any CPU
		{2BBF7EE8-0EA6-48BF-9B33-E666DEEA3E69}.Debug|Any CPU.ActiveCfg = Debug|Any CPU
		{2BBF7EE8-0EA6-48BF-9B33-E666DEEA3E69}.Debug|Any CPU.Build.0 = Debug|Any CPU
		{2BBF7EE8-0EA6-48BF-9B33-E666DEEA3E69}.Release|Any CPU.ActiveCfg = Release|Any CPU
		{2BBF7EE8-0EA6-48BF-9B33-E666DEEA3E69}.Release|Any CPU.Build.0 = Release|Any CPU
		{955C5FE9-4B3F-4004-9ED2-27A1A04662B5}.Debug|Any CPU.ActiveCfg = Debug|Any CPU
		{955C5FE9-4B3F-4004-9ED2-27A1A04662B5}.Debug|Any CPU.Build.0 = Debug|Any CPU
		{955C5FE9-4B3F-4004-9ED2-27A1A04662B5}.Release|Any CPU.ActiveCfg = Release|Any CPU
		{955C5FE9-4B3F-4004-9ED2-27A1A04662B5}.Release|Any CPU.Build.0 = Release|Any CPU
	EndGlobalSection
	GlobalSection(SolutionProperties) = preSolution
		HideSolutionNode = FALSE
	EndGlobalSection
	GlobalSection(ExtensibilityGlobals) = postSolution
		SolutionGuid = {F335E1DB-BD43-4201-A367-445362BFC800}
	EndGlobalSection
EndGlobal
